[[package]]
name = "airpixel"
version = "0.9"
description = "Controll LEDs with arduinoNanoIOT and Python"
category = "main"
optional = false
python-versions = ">=3.8,<4.0"

[package.dependencies]
numpy = ">=1.19.1,<2.0.0"
pyyaml = ">=5.3.1,<6.0.0"

[package.extras]
test = ["pytest (>=5.4.2,<6.0.0)"]
lint = ["black (>=19.10b0,<20.0)", "flake8 (>=3.8.1,<4.0.0)"]
typecheck = ["mypy (>=0.770,<0.771)"]
monitoring = ["pyqtgraph (>=0.11.0,<0.12.0)", "pyqt5 (>=5.15.0,<6.0.0)"]

[[package]]
name = "mupa-client"
version = "0.1.0"
description = ""
category = "main"
optional = false
python-versions = ">=3.10,<4.0"

[package.dependencies]
numpy = ">=1.23.1,<2.0.0"

[[package]]
name = "numpy"
version = "1.23.1"
description = "NumPy is the fundamental package for array computing with Python."
category = "main"
optional = false
python-versions = ">=3.8"

[[package]]
name = "pypiper"
version = "0.5.3"
description = "A pipelining framework designed for data analysis but can be useful to other applications"
category = "main"
optional = false
python-versions = ">=3"

[[package]]
name = "pyyaml"
version = "5.4.1"
description = "YAML parser and emitter for Python"
category = "main"
optional = false
python-versions = ">=2.7, !=3.0.*, !=3.1.*, !=3.2.*, !=3.3.*, !=3.4.*, !=3.5.*"

[[package]]
name = "readable-log-formatter"
version = "0.1.4"
description = "A human readable log formatter for Python"
category = "main"
optional = false
python-versions = "*"

[metadata]
lock-version = "1.1"
python-versions = "^3.10"
content-hash = "58e4685562e3668659e6420c5b5b43c68af6e7417c91c8cce2fab896d57402ee"

[metadata.files]
airpixel = []
mupa-client = []
numpy = []
pypiper = []
pyyaml = []
readable-log-formatter = []
